// !$*UTF8*$!
{
	archiveVersion = 1;
	classes = {
	};
	objectVersion = 46;
	objects = {

/* Begin PBXBuildFile section */
		03047E2517F4686400ECDFFA /* ResourcePath.mm in Sources */ = {isa = PBXBuildFile; fileRef = 03047E2417F4686400ECDFFA /* ResourcePath.mm */; };
		03047E2B17F4686400ECDFFA /* cute_image.jpg in Resources */ = {isa = PBXBuildFile; fileRef = 03047E2A17F4686400ECDFFA /* cute_image.jpg */; };
		03047E2D17F4686400ECDFFA /* nice_music.ogg in Resources */ = {isa = PBXBuildFile; fileRef = 03047E2C17F4686400ECDFFA /* nice_music.ogg */; };
		03047E2F17F4686400ECDFFA /* sansation.ttf in Resources */ = {isa = PBXBuildFile; fileRef = 03047E2E17F4686400ECDFFA /* sansation.ttf */; };
		03047E3117F4686400ECDFFA /* icon.png in Resources */ = {isa = PBXBuildFile; fileRef = 03047E3017F4686400ECDFFA /* icon.png */; };
		03047E6217F484BF00ECDFFA /* MapTile.cpp in Sources */ = {isa = PBXBuildFile; fileRef = 03047E6017F484BF00ECDFFA /* MapTile.cpp */; };
		03047E6517F4851800ECDFFA /* GameData.cpp in Sources */ = {isa = PBXBuildFile; fileRef = 03047E6317F4851800ECDFFA /* GameData.cpp */; };
		03047E6817F4855E00ECDFFA /* GameState.cpp in Sources */ = {isa = PBXBuildFile; fileRef = 03047E6617F4855E00ECDFFA /* GameState.cpp */; };
		03047E6B17F485D900ECDFFA /* GameObject.cpp in Sources */ = {isa = PBXBuildFile; fileRef = 03047E6917F485D900ECDFFA /* GameObject.cpp */; };
		03047E6E17F485FB00ECDFFA /* Building.cpp in Sources */ = {isa = PBXBuildFile; fileRef = 03047E6C17F485FB00ECDFFA /* Building.cpp */; };
		03047E7117F4862C00ECDFFA /* Timer.cpp in Sources */ = {isa = PBXBuildFile; fileRef = 03047E6F17F4862C00ECDFFA /* Timer.cpp */; };
		03047E7417F4865B00ECDFFA /* Unit.cpp in Sources */ = {isa = PBXBuildFile; fileRef = 03047E7217F4865B00ECDFFA /* Unit.cpp */; };
		03047E7717F4868400ECDFFA /* Map.cpp in Sources */ = {isa = PBXBuildFile; fileRef = 03047E7517F4868400ECDFFA /* Map.cpp */; };
		03047E7A17F486A600ECDFFA /* Node.cpp in Sources */ = {isa = PBXBuildFile; fileRef = 03047E7817F486A600ECDFFA /* Node.cpp */; };
		03047E7D17F486C300ECDFFA /* Player.cpp in Sources */ = {isa = PBXBuildFile; fileRef = 03047E7B17F486C300ECDFFA /* Player.cpp */; };
		03047E8017F486E500ECDFFA /* Ressources.cpp in Sources */ = {isa = PBXBuildFile; fileRef = 03047E7E17F486E500ECDFFA /* Ressources.cpp */; };
		03047E8317F4870D00ECDFFA /* Particle.cpp in Sources */ = {isa = PBXBuildFile; fileRef = 03047E8117F4870D00ECDFFA /* Particle.cpp */; };
		03047E8617F4873100ECDFFA /* SDL_Functions.cpp in Sources */ = {isa = PBXBuildFile; fileRef = 03047E8417F4873100ECDFFA /* SDL_Functions.cpp */; };
		03047E8E17F4886A00ECDFFA /* GLRenderer.cpp in Sources */ = {isa = PBXBuildFile; fileRef = 03047E8A17F4886A00ECDFFA /* GLRenderer.cpp */; };
		03047E8F17F4886A00ECDFFA /* GLTesselation.cpp in Sources */ = {isa = PBXBuildFile; fileRef = 03047E8C17F4886A00ECDFFA /* GLTesselation.cpp */; };
		03047E9217F4953300ECDFFA /* clipper.cpp in Sources */ = {isa = PBXBuildFile; fileRef = 03047E9017F4953300ECDFFA /* clipper.cpp */; };
		03047E9517F4954000ECDFFA /* FogOfWar.cpp in Sources */ = {isa = PBXBuildFile; fileRef = 03047E9317F4954000ECDFFA /* FogOfWar.cpp */; };
		03047E9C17F4960400ECDFFA /* AStarPath.cpp in Sources */ = {isa = PBXBuildFile; fileRef = 03047E9617F4960400ECDFFA /* AStarPath.cpp */; };
		03047E9D17F4960400ECDFFA /* Texture.cpp in Sources */ = {isa = PBXBuildFile; fileRef = 03047E9817F4960400ECDFFA /* Texture.cpp */; };
		03047E9E17F4960400ECDFFA /* Tooltip.cpp in Sources */ = {isa = PBXBuildFile; fileRef = 03047E9A17F4960400ECDFFA /* Tooltip.cpp */; };
		03047EA217F4961E00ECDFFA /* GitSHA1.cpp in Sources */ = {isa = PBXBuildFile; fileRef = 03047E9F17F4961E00ECDFFA /* GitSHA1.cpp */; };
		03047EA317F4961E00ECDFFA /* GitSHA1.cpp.in in Resources */ = {isa = PBXBuildFile; fileRef = 03047EA017F4961E00ECDFFA /* GitSHA1.cpp.in */; };
		03047EA817F4963700ECDFFA /* SDL_image.framework in Frameworks */ = {isa = PBXBuildFile; fileRef = 03047EA417F4963700ECDFFA /* SDL_image.framework */; };
		03047EA917F4963700ECDFFA /* SDL_mixer.framework in Frameworks */ = {isa = PBXBuildFile; fileRef = 03047EA517F4963700ECDFFA /* SDL_mixer.framework */; };
		03047EAA17F4963700ECDFFA /* SDL_ttf.framework in Frameworks */ = {isa = PBXBuildFile; fileRef = 03047EA617F4963700ECDFFA /* SDL_ttf.framework */; };
		03047EAB17F4963700ECDFFA /* SDL.framework in Frameworks */ = {isa = PBXBuildFile; fileRef = 03047EA717F4963700ECDFFA /* SDL.framework */; };
		03047EAD17F4964200ECDFFA /* OpenGL.framework in Frameworks */ = {isa = PBXBuildFile; fileRef = 03047EAC17F4964200ECDFFA /* OpenGL.framework */; };
		03047EAF17F4964C00ECDFFA /* Foundation.framework in Frameworks */ = {isa = PBXBuildFile; fileRef = 03047EAE17F4964C00ECDFFA /* Foundation.framework */; };
		03047EB217F496EA00ECDFFA /* Game.cpp in Sources */ = {isa = PBXBuildFile; fileRef = 03047EB017F496EA00ECDFFA /* Game.cpp */; };
		03047EB517F496F800ECDFFA /* Scripting.cpp in Sources */ = {isa = PBXBuildFile; fileRef = 03047EB317F496F800ECDFFA /* Scripting.cpp */; };
		03047EBA17F4978800ECDFFA /* lua in Resources */ = {isa = PBXBuildFile; fileRef = 03047EB917F4978800ECDFFA /* lua */; };
		03047EBB17F4979F00ECDFFA /* lua in Sources */ = {isa = PBXBuildFile; fileRef = 03047EB917F4978800ECDFFA /* lua */; };
		03047EBC17F4984500ECDFFA /* main.cpp in Sources */ = {isa = PBXBuildFile; fileRef = 03047E2717F4686400ECDFFA /* main.cpp */; };
		03047ED217F498D000ECDFFA /* SDLMain.m in Sources */ = {isa = PBXBuildFile; fileRef = 03047ED117F498D000ECDFFA /* SDLMain.m */; };
		03047ED417F498FB00ECDFFA /* Cocoa.framework in Frameworks */ = {isa = PBXBuildFile; fileRef = 03047ED317F498FB00ECDFFA /* Cocoa.framework */; };
		03047ED617F4991700ECDFFA /* scripts in Resources */ = {isa = PBXBuildFile; fileRef = 03047ED517F4991700ECDFFA /* scripts */; };
		03047ED817F4991F00ECDFFA /* maps in Resources */ = {isa = PBXBuildFile; fileRef = 03047ED717F4991F00ECDFFA /* maps */; };
		03047EDA17F4992600ECDFFA /* images in Resources */ = {isa = PBXBuildFile; fileRef = 03047ED917F4992500ECDFFA /* images */; };
		03047EDC17F4992B00ECDFFA /* fonts in Resources */ = {isa = PBXBuildFile; fileRef = 03047EDB17F4992B00ECDFFA /* fonts */; };
		03047EDE17F4995700ECDFFA /* cfg in Resources */ = {isa = PBXBuildFile; fileRef = 03047EDD17F4995700ECDFFA /* cfg */; };
		03047EE617F4B7EB00ECDFFA /* liblua.5.1.5.dylib in Frameworks */ = {isa = PBXBuildFile; fileRef = 03047EE517F4B7EB00ECDFFA /* liblua.5.1.5.dylib */; };
		03047EEE17F4E64800ECDFFA /* MapTileGrass.cpp in Sources */ = {isa = PBXBuildFile; fileRef = 03047EEC17F4E64800ECDFFA /* MapTileGrass.cpp */; };
		03047EF117F4E7A800ECDFFA /* MapTileWater.cpp in Sources */ = {isa = PBXBuildFile; fileRef = 03047EEF17F4E7A800ECDFFA /* MapTileWater.cpp */; };
		03047EF417F4E88200ECDFFA /* MapTileWoods.cpp in Sources */ = {isa = PBXBuildFile; fileRef = 03047EF217F4E88200ECDFFA /* MapTileWoods.cpp */; };
/* End PBXBuildFile section */

/* Begin PBXFileReference section */
		03047E1F17F4686400ECDFFA /* Clash.app */ = {isa = PBXFileReference; explicitFileType = wrapper.application; includeInIndex = 0; path = Clash.app; sourceTree = BUILT_PRODUCTS_DIR; };
		03047E2317F4686400ECDFFA /* Clash-Info.plist */ = {isa = PBXFileReference; lastKnownFileType = text.plist.xml; path = "Clash-Info.plist"; sourceTree = "<group>"; };
		03047E2417F4686400ECDFFA /* ResourcePath.mm */ = {isa = PBXFileReference; lastKnownFileType = sourcecode.cpp.objcpp; path = ResourcePath.mm; sourceTree = "<group>"; };
		03047E2617F4686400ECDFFA /* ResourcePath.hpp */ = {isa = PBXFileReference; lastKnownFileType = sourcecode.cpp.h; path = ResourcePath.hpp; sourceTree = "<group>"; };
		03047E2717F4686400ECDFFA /* main.cpp */ = {isa = PBXFileReference; lastKnownFileType = sourcecode.cpp.cpp; path = main.cpp; sourceTree = "<group>"; };
		03047E2A17F4686400ECDFFA /* cute_image.jpg */ = {isa = PBXFileReference; lastKnownFileType = image.jpeg; path = cute_image.jpg; sourceTree = "<group>"; };
		03047E2C17F4686400ECDFFA /* nice_music.ogg */ = {isa = PBXFileReference; lastKnownFileType = file; path = nice_music.ogg; sourceTree = "<group>"; };
		03047E2E17F4686400ECDFFA /* sansation.ttf */ = {isa = PBXFileReference; lastKnownFileType = file; path = sansation.ttf; sourceTree = "<group>"; };
		03047E3017F4686400ECDFFA /* icon.png */ = {isa = PBXFileReference; lastKnownFileType = image.png; path = icon.png; sourceTree = "<group>"; };
		03047E6017F484BF00ECDFFA /* MapTile.cpp */ = {isa = PBXFileReference; fileEncoding = 4; lastKnownFileType = sourcecode.cpp.cpp; path = MapTile.cpp; sourceTree = "<group>"; };
		03047E6117F484BF00ECDFFA /* MapTile.h */ = {isa = PBXFileReference; fileEncoding = 4; lastKnownFileType = sourcecode.c.h; path = MapTile.h; sourceTree = "<group>"; };
		03047E6317F4851800ECDFFA /* GameData.cpp */ = {isa = PBXFileReference; fileEncoding = 4; lastKnownFileType = sourcecode.cpp.cpp; path = GameData.cpp; sourceTree = "<group>"; };
		03047E6417F4851800ECDFFA /* GameData.h */ = {isa = PBXFileReference; fileEncoding = 4; lastKnownFileType = sourcecode.c.h; path = GameData.h; sourceTree = "<group>"; };
		03047E6617F4855E00ECDFFA /* GameState.cpp */ = {isa = PBXFileReference; fileEncoding = 4; lastKnownFileType = sourcecode.cpp.cpp; path = GameState.cpp; sourceTree = "<group>"; };
		03047E6717F4855E00ECDFFA /* GameState.h */ = {isa = PBXFileReference; fileEncoding = 4; lastKnownFileType = sourcecode.c.h; path = GameState.h; sourceTree = "<group>"; };
		03047E6917F485D900ECDFFA /* GameObject.cpp */ = {isa = PBXFileReference; fileEncoding = 4; lastKnownFileType = sourcecode.cpp.cpp; path = GameObject.cpp; sourceTree = "<group>"; };
		03047E6A17F485D900ECDFFA /* GameObject.h */ = {isa = PBXFileReference; fileEncoding = 4; lastKnownFileType = sourcecode.c.h; path = GameObject.h; sourceTree = "<group>"; };
		03047E6C17F485FB00ECDFFA /* Building.cpp */ = {isa = PBXFileReference; fileEncoding = 4; lastKnownFileType = sourcecode.cpp.cpp; path = Building.cpp; sourceTree = "<group>"; };
		03047E6D17F485FB00ECDFFA /* Building.h */ = {isa = PBXFileReference; fileEncoding = 4; lastKnownFileType = sourcecode.c.h; path = Building.h; sourceTree = "<group>"; };
		03047E6F17F4862C00ECDFFA /* Timer.cpp */ = {isa = PBXFileReference; fileEncoding = 4; lastKnownFileType = sourcecode.cpp.cpp; path = Timer.cpp; sourceTree = "<group>"; };
		03047E7017F4862C00ECDFFA /* Timer.h */ = {isa = PBXFileReference; fileEncoding = 4; lastKnownFileType = sourcecode.c.h; path = Timer.h; sourceTree = "<group>"; };
		03047E7217F4865B00ECDFFA /* Unit.cpp */ = {isa = PBXFileReference; fileEncoding = 4; lastKnownFileType = sourcecode.cpp.cpp; path = Unit.cpp; sourceTree = "<group>"; };
		03047E7317F4865B00ECDFFA /* Unit.h */ = {isa = PBXFileReference; fileEncoding = 4; lastKnownFileType = sourcecode.c.h; path = Unit.h; sourceTree = "<group>"; };
		03047E7517F4868400ECDFFA /* Map.cpp */ = {isa = PBXFileReference; fileEncoding = 4; lastKnownFileType = sourcecode.cpp.cpp; path = Map.cpp; sourceTree = "<group>"; };
		03047E7617F4868400ECDFFA /* Map.h */ = {isa = PBXFileReference; fileEncoding = 4; lastKnownFileType = sourcecode.c.h; path = Map.h; sourceTree = "<group>"; };
		03047E7817F486A600ECDFFA /* Node.cpp */ = {isa = PBXFileReference; fileEncoding = 4; lastKnownFileType = sourcecode.cpp.cpp; path = Node.cpp; sourceTree = "<group>"; };
		03047E7917F486A600ECDFFA /* Node.h */ = {isa = PBXFileReference; fileEncoding = 4; lastKnownFileType = sourcecode.c.h; path = Node.h; sourceTree = "<group>"; };
		03047E7B17F486C300ECDFFA /* Player.cpp */ = {isa = PBXFileReference; fileEncoding = 4; lastKnownFileType = sourcecode.cpp.cpp; path = Player.cpp; sourceTree = "<group>"; };
		03047E7C17F486C300ECDFFA /* Player.h */ = {isa = PBXFileReference; fileEncoding = 4; lastKnownFileType = sourcecode.c.h; path = Player.h; sourceTree = "<group>"; };
		03047E7E17F486E500ECDFFA /* Ressources.cpp */ = {isa = PBXFileReference; fileEncoding = 4; lastKnownFileType = sourcecode.cpp.cpp; path = Ressources.cpp; sourceTree = "<group>"; };
		03047E7F17F486E500ECDFFA /* Ressources.h */ = {isa = PBXFileReference; fileEncoding = 4; lastKnownFileType = sourcecode.c.h; path = Ressources.h; sourceTree = "<group>"; };
		03047E8117F4870D00ECDFFA /* Particle.cpp */ = {isa = PBXFileReference; fileEncoding = 4; lastKnownFileType = sourcecode.cpp.cpp; path = Particle.cpp; sourceTree = "<group>"; };
		03047E8217F4870D00ECDFFA /* Particle.h */ = {isa = PBXFileReference; fileEncoding = 4; lastKnownFileType = sourcecode.c.h; path = Particle.h; sourceTree = "<group>"; };
		03047E8417F4873100ECDFFA /* SDL_Functions.cpp */ = {isa = PBXFileReference; fileEncoding = 4; lastKnownFileType = sourcecode.cpp.cpp; path = SDL_Functions.cpp; sourceTree = "<group>"; };
		03047E8517F4873100ECDFFA /* SDL_Functions.h */ = {isa = PBXFileReference; fileEncoding = 4; lastKnownFileType = sourcecode.c.h; path = SDL_Functions.h; sourceTree = "<group>"; };
		03047E8A17F4886A00ECDFFA /* GLRenderer.cpp */ = {isa = PBXFileReference; fileEncoding = 4; lastKnownFileType = sourcecode.cpp.cpp; path = GLRenderer.cpp; sourceTree = "<group>"; };
		03047E8B17F4886A00ECDFFA /* GLRenderer.h */ = {isa = PBXFileReference; fileEncoding = 4; lastKnownFileType = sourcecode.c.h; path = GLRenderer.h; sourceTree = "<group>"; };
		03047E8C17F4886A00ECDFFA /* GLTesselation.cpp */ = {isa = PBXFileReference; fileEncoding = 4; lastKnownFileType = sourcecode.cpp.cpp; path = GLTesselation.cpp; sourceTree = "<group>"; };
		03047E8D17F4886A00ECDFFA /* GLTesselation.h */ = {isa = PBXFileReference; fileEncoding = 4; lastKnownFileType = sourcecode.c.h; path = GLTesselation.h; sourceTree = "<group>"; };
		03047E9017F4953300ECDFFA /* clipper.cpp */ = {isa = PBXFileReference; fileEncoding = 4; lastKnownFileType = sourcecode.cpp.cpp; path = clipper.cpp; sourceTree = "<group>"; };
		03047E9117F4953300ECDFFA /* clipper.hpp */ = {isa = PBXFileReference; fileEncoding = 4; lastKnownFileType = sourcecode.cpp.h; path = clipper.hpp; sourceTree = "<group>"; };
		03047E9317F4954000ECDFFA /* FogOfWar.cpp */ = {isa = PBXFileReference; fileEncoding = 4; lastKnownFileType = sourcecode.cpp.cpp; path = FogOfWar.cpp; sourceTree = "<group>"; };
		03047E9417F4954000ECDFFA /* FogOfWar.h */ = {isa = PBXFileReference; fileEncoding = 4; lastKnownFileType = sourcecode.c.h; path = FogOfWar.h; sourceTree = "<group>"; };
		03047E9617F4960400ECDFFA /* AStarPath.cpp */ = {isa = PBXFileReference; fileEncoding = 4; lastKnownFileType = sourcecode.cpp.cpp; path = AStarPath.cpp; sourceTree = "<group>"; };
		03047E9717F4960400ECDFFA /* AStarPath.h */ = {isa = PBXFileReference; fileEncoding = 4; lastKnownFileType = sourcecode.c.h; path = AStarPath.h; sourceTree = "<group>"; };
		03047E9817F4960400ECDFFA /* Texture.cpp */ = {isa = PBXFileReference; fileEncoding = 4; lastKnownFileType = sourcecode.cpp.cpp; path = Texture.cpp; sourceTree = "<group>"; };
		03047E9917F4960400ECDFFA /* Texture.h */ = {isa = PBXFileReference; fileEncoding = 4; lastKnownFileType = sourcecode.c.h; path = Texture.h; sourceTree = "<group>"; };
		03047E9A17F4960400ECDFFA /* Tooltip.cpp */ = {isa = PBXFileReference; fileEncoding = 4; lastKnownFileType = sourcecode.cpp.cpp; path = Tooltip.cpp; sourceTree = "<group>"; };
		03047E9B17F4960400ECDFFA /* Tooltip.h */ = {isa = PBXFileReference; fileEncoding = 4; lastKnownFileType = sourcecode.c.h; path = Tooltip.h; sourceTree = "<group>"; };
		03047E9F17F4961E00ECDFFA /* GitSHA1.cpp */ = {isa = PBXFileReference; fileEncoding = 4; lastKnownFileType = sourcecode.cpp.cpp; path = GitSHA1.cpp; sourceTree = "<group>"; };
		03047EA017F4961E00ECDFFA /* GitSHA1.cpp.in */ = {isa = PBXFileReference; fileEncoding = 4; lastKnownFileType = text; path = GitSHA1.cpp.in; sourceTree = "<group>"; };
		03047EA117F4961E00ECDFFA /* GitSHA1.h */ = {isa = PBXFileReference; fileEncoding = 4; lastKnownFileType = sourcecode.c.h; path = GitSHA1.h; sourceTree = "<group>"; };
		03047EA417F4963700ECDFFA /* SDL_image.framework */ = {isa = PBXFileReference; lastKnownFileType = wrapper.framework; name = SDL_image.framework; path = ../../../../Library/Frameworks/SDL_image.framework; sourceTree = "<group>"; };
		03047EA517F4963700ECDFFA /* SDL_mixer.framework */ = {isa = PBXFileReference; lastKnownFileType = wrapper.framework; name = SDL_mixer.framework; path = ../../../../Library/Frameworks/SDL_mixer.framework; sourceTree = "<group>"; };
		03047EA617F4963700ECDFFA /* SDL_ttf.framework */ = {isa = PBXFileReference; lastKnownFileType = wrapper.framework; name = SDL_ttf.framework; path = ../../../../Library/Frameworks/SDL_ttf.framework; sourceTree = "<group>"; };
		03047EA717F4963700ECDFFA /* SDL.framework */ = {isa = PBXFileReference; lastKnownFileType = wrapper.framework; name = SDL.framework; path = ../../../../Library/Frameworks/SDL.framework; sourceTree = "<group>"; };
		03047EAC17F4964200ECDFFA /* OpenGL.framework */ = {isa = PBXFileReference; lastKnownFileType = wrapper.framework; name = OpenGL.framework; path = System/Library/Frameworks/OpenGL.framework; sourceTree = SDKROOT; };
		03047EAE17F4964C00ECDFFA /* Foundation.framework */ = {isa = PBXFileReference; lastKnownFileType = wrapper.framework; name = Foundation.framework; path = System/Library/Frameworks/Foundation.framework; sourceTree = SDKROOT; };
		03047EB017F496EA00ECDFFA /* Game.cpp */ = {isa = PBXFileReference; fileEncoding = 4; lastKnownFileType = sourcecode.cpp.cpp; path = Game.cpp; sourceTree = "<group>"; };
		03047EB117F496EA00ECDFFA /* Game.h */ = {isa = PBXFileReference; fileEncoding = 4; lastKnownFileType = sourcecode.c.h; path = Game.h; sourceTree = "<group>"; };
		03047EB317F496F800ECDFFA /* Scripting.cpp */ = {isa = PBXFileReference; fileEncoding = 4; lastKnownFileType = sourcecode.cpp.cpp; path = Scripting.cpp; sourceTree = "<group>"; };
		03047EB417F496F800ECDFFA /* Scripting.h */ = {isa = PBXFileReference; fileEncoding = 4; lastKnownFileType = sourcecode.c.h; path = Scripting.h; sourceTree = "<group>"; };
		03047EB917F4978800ECDFFA /* lua */ = {isa = PBXFileReference; lastKnownFileType = folder; path = lua; sourceTree = "<group>"; };
		03047ED017F498D000ECDFFA /* SDLMain.h */ = {isa = PBXFileReference; fileEncoding = 4; lastKnownFileType = sourcecode.c.h; path = SDLMain.h; sourceTree = "<group>"; };
		03047ED117F498D000ECDFFA /* SDLMain.m */ = {isa = PBXFileReference; fileEncoding = 4; lastKnownFileType = sourcecode.c.objc; path = SDLMain.m; sourceTree = "<group>"; };
		03047ED317F498FB00ECDFFA /* Cocoa.framework */ = {isa = PBXFileReference; lastKnownFileType = wrapper.framework; name = Cocoa.framework; path = System/Library/Frameworks/Cocoa.framework; sourceTree = SDKROOT; };
		03047ED517F4991700ECDFFA /* scripts */ = {isa = PBXFileReference; lastKnownFileType = folder; path = scripts; sourceTree = "<group>"; };
		03047ED717F4991F00ECDFFA /* maps */ = {isa = PBXFileReference; lastKnownFileType = folder; path = maps; sourceTree = "<group>"; };
		03047ED917F4992500ECDFFA /* images */ = {isa = PBXFileReference; lastKnownFileType = folder; path = images; sourceTree = "<group>"; };
		03047EDB17F4992B00ECDFFA /* fonts */ = {isa = PBXFileReference; lastKnownFileType = folder; path = fonts; sourceTree = "<group>"; };
		03047EDD17F4995700ECDFFA /* cfg */ = {isa = PBXFileReference; lastKnownFileType = folder; path = cfg; sourceTree = "<group>"; };
		03047EE517F4B7EB00ECDFFA /* liblua.5.1.5.dylib */ = {isa = PBXFileReference; lastKnownFileType = "compiled.mach-o.dylib"; name = liblua.5.1.5.dylib; path = ../../../../usr/local/Cellar/lua/5.1.5/lib/liblua.5.1.5.dylib; sourceTree = "<group>"; };
		03047EE717F4D0F100ECDFFA /* Config.h */ = {isa = PBXFileReference; fileEncoding = 4; lastKnownFileType = sourcecode.c.h; path = Config.h; sourceTree = "<group>"; };
		03047EEC17F4E64800ECDFFA /* MapTileGrass.cpp */ = {isa = PBXFileReference; fileEncoding = 4; lastKnownFileType = sourcecode.cpp.cpp; path = MapTileGrass.cpp; sourceTree = "<group>"; };
		03047EED17F4E64800ECDFFA /* MapTileGrass.h */ = {isa = PBXFileReference; fileEncoding = 4; lastKnownFileType = sourcecode.c.h; path = MapTileGrass.h; sourceTree = "<group>"; };
		03047EEF17F4E7A800ECDFFA /* MapTileWater.cpp */ = {isa = PBXFileReference; fileEncoding = 4; lastKnownFileType = sourcecode.cpp.cpp; path = MapTileWater.cpp; sourceTree = "<group>"; };
		03047EF017F4E7A800ECDFFA /* MapTileWater.h */ = {isa = PBXFileReference; fileEncoding = 4; lastKnownFileType = sourcecode.c.h; path = MapTileWater.h; sourceTree = "<group>"; };
		03047EF217F4E88200ECDFFA /* MapTileWoods.cpp */ = {isa = PBXFileReference; fileEncoding = 4; lastKnownFileType = sourcecode.cpp.cpp; path = MapTileWoods.cpp; sourceTree = "<group>"; };
		03047EF317F4E88200ECDFFA /* MapTileWoods.h */ = {isa = PBXFileReference; fileEncoding = 4; lastKnownFileType = sourcecode.c.h; path = MapTileWoods.h; sourceTree = "<group>"; };
/* End PBXFileReference section */

/* Begin PBXFrameworksBuildPhase section */
		03047E1B17F4686400ECDFFA /* Frameworks */ = {
			isa = PBXFrameworksBuildPhase;
			buildActionMask = 2147483647;
			files = (
				03047EE617F4B7EB00ECDFFA /* liblua.5.1.5.dylib in Frameworks */,
				03047ED417F498FB00ECDFFA /* Cocoa.framework in Frameworks */,
				03047EAF17F4964C00ECDFFA /* Foundation.framework in Frameworks */,
				03047EAD17F4964200ECDFFA /* OpenGL.framework in Frameworks */,
				03047EA817F4963700ECDFFA /* SDL_image.framework in Frameworks */,
				03047EA917F4963700ECDFFA /* SDL_mixer.framework in Frameworks */,
				03047EAA17F4963700ECDFFA /* SDL_ttf.framework in Frameworks */,
				03047EAB17F4963700ECDFFA /* SDL.framework in Frameworks */,
			);
			runOnlyForDeploymentPostprocessing = 0;
		};
/* End PBXFrameworksBuildPhase section */

/* Begin PBXGroup section */
		03047E1517F4686400ECDFFA = {
			isa = PBXGroup;
			children = (
				03047E4317F4687800ECDFFA /* Frameworks */,
				03047E2117F4686400ECDFFA /* Clash */,
				03047E2017F4686400ECDFFA /* Products */,
			);
			sourceTree = "<group>";
		};
		03047E2017F4686400ECDFFA /* Products */ = {
			isa = PBXGroup;
			children = (
				03047E1F17F4686400ECDFFA /* Clash.app */,
			);
			name = Products;
			sourceTree = "<group>";
		};
		03047E2117F4686400ECDFFA /* Clash */ = {
			isa = PBXGroup;
			children = (
				03047E4417F468CE00ECDFFA /* Classes */,
				03047E2417F4686400ECDFFA /* ResourcePath.mm */,
				03047E2617F4686400ECDFFA /* ResourcePath.hpp */,
				03047E2717F4686400ECDFFA /* main.cpp */,
				03047E2917F4686400ECDFFA /* Resources */,
				03047E2217F4686400ECDFFA /* Supporting Files */,
			);
			path = Clash;
			sourceTree = "<group>";
		};
		03047E2217F4686400ECDFFA /* Supporting Files */ = {
			isa = PBXGroup;
			children = (
				03047E2317F4686400ECDFFA /* Clash-Info.plist */,
			);
			name = "Supporting Files";
			sourceTree = "<group>";
		};
		03047E2917F4686400ECDFFA /* Resources */ = {
			isa = PBXGroup;
			children = (
				03047EE917F4D9BE00ECDFFA /* Game Data */,
				03047EDD17F4995700ECDFFA /* cfg */,
				03047EDB17F4992B00ECDFFA /* fonts */,
				03047ED917F4992500ECDFFA /* images */,
				03047ED717F4991F00ECDFFA /* maps */,
				03047ED517F4991700ECDFFA /* scripts */,
				03047EB917F4978800ECDFFA /* lua */,
				03047E2A17F4686400ECDFFA /* cute_image.jpg */,
				03047E2C17F4686400ECDFFA /* nice_music.ogg */,
				03047E2E17F4686400ECDFFA /* sansation.ttf */,
				03047E3017F4686400ECDFFA /* icon.png */,
			);
			name = Resources;
			sourceTree = "<group>";
		};
		03047E4317F4687800ECDFFA /* Frameworks */ = {
			isa = PBXGroup;
			children = (
				03047EE517F4B7EB00ECDFFA /* liblua.5.1.5.dylib */,
				03047ED317F498FB00ECDFFA /* Cocoa.framework */,
				03047EAE17F4964C00ECDFFA /* Foundation.framework */,
				03047EAC17F4964200ECDFFA /* OpenGL.framework */,
				03047EA417F4963700ECDFFA /* SDL_image.framework */,
				03047EA517F4963700ECDFFA /* SDL_mixer.framework */,
				03047EA617F4963700ECDFFA /* SDL_ttf.framework */,
				03047EA717F4963700ECDFFA /* SDL.framework */,
			);
			name = Frameworks;
			sourceTree = "<group>";
		};
		03047E4417F468CE00ECDFFA /* Classes */ = {
			isa = PBXGroup;
			children = (
				03047EEA17F4DFCB00ECDFFA /* Map */,
				03047E9617F4960400ECDFFA /* AStarPath.cpp */,
				03047E9717F4960400ECDFFA /* AStarPath.h */,
				03047E6C17F485FB00ECDFFA /* Building.cpp */,
				03047E6D17F485FB00ECDFFA /* Building.h */,
				03047E9017F4953300ECDFFA /* clipper.cpp */,
				03047E9117F4953300ECDFFA /* clipper.hpp */,
				03047EE717F4D0F100ECDFFA /* Config.h */,
				03047EB017F496EA00ECDFFA /* Game.cpp */,
				03047EB117F496EA00ECDFFA /* Game.h */,
				03047E6317F4851800ECDFFA /* GameData.cpp */,
				03047E6417F4851800ECDFFA /* GameData.h */,
				03047E6917F485D900ECDFFA /* GameObject.cpp */,
				03047E6A17F485D900ECDFFA /* GameObject.h */,
				03047E6617F4855E00ECDFFA /* GameState.cpp */,
				03047E6717F4855E00ECDFFA /* GameState.h */,
				03047E9F17F4961E00ECDFFA /* GitSHA1.cpp */,
				03047EA017F4961E00ECDFFA /* GitSHA1.cpp.in */,
				03047EA117F4961E00ECDFFA /* GitSHA1.h */,
				03047E8A17F4886A00ECDFFA /* GLRenderer.cpp */,
				03047E8B17F4886A00ECDFFA /* GLRenderer.h */,
				03047E8C17F4886A00ECDFFA /* GLTesselation.cpp */,
				03047E8D17F4886A00ECDFFA /* GLTesselation.h */,
				03047E8117F4870D00ECDFFA /* Particle.cpp */,
				03047E8217F4870D00ECDFFA /* Particle.h */,
				03047E7B17F486C300ECDFFA /* Player.cpp */,
				03047E7C17F486C300ECDFFA /* Player.h */,
				03047E7E17F486E500ECDFFA /* Ressources.cpp */,
				03047E7F17F486E500ECDFFA /* Ressources.h */,
				03047ED017F498D000ECDFFA /* SDLMain.h */,
				03047ED117F498D000ECDFFA /* SDLMain.m */,
				03047E8417F4873100ECDFFA /* SDL_Functions.cpp */,
				03047E8517F4873100ECDFFA /* SDL_Functions.h */,
				03047EB317F496F800ECDFFA /* Scripting.cpp */,
				03047EB417F496F800ECDFFA /* Scripting.h */,
				03047E9817F4960400ECDFFA /* Texture.cpp */,
				03047E9917F4960400ECDFFA /* Texture.h */,
				03047E6F17F4862C00ECDFFA /* Timer.cpp */,
				03047E7017F4862C00ECDFFA /* Timer.h */,
				03047E9A17F4960400ECDFFA /* Tooltip.cpp */,
				03047E9B17F4960400ECDFFA /* Tooltip.h */,
				03047E7217F4865B00ECDFFA /* Unit.cpp */,
				03047E7317F4865B00ECDFFA /* Unit.h */,
			);
			name = Classes;
			sourceTree = "<group>";
		};
		03047EE917F4D9BE00ECDFFA /* Game Data */ = {
			isa = PBXGroup;
			children = (
			);
			name = "Game Data";
			sourceTree = "<group>";
		};
		03047EEA17F4DFCB00ECDFFA /* Map */ = {
			isa = PBXGroup;
			children = (
				03047EEB17F4E31000ECDFFA /* Map Tiles */,
				03047E7517F4868400ECDFFA /* Map.cpp */,
				03047E7617F4868400ECDFFA /* Map.h */,
				03047E7817F486A600ECDFFA /* Node.cpp */,
				03047E7917F486A600ECDFFA /* Node.h */,
				03047E9317F4954000ECDFFA /* FogOfWar.cpp */,
				03047E9417F4954000ECDFFA /* FogOfWar.h */,
			);
			name = Map;
			sourceTree = "<group>";
		};
		03047EEB17F4E31000ECDFFA /* Map Tiles */ = {
			isa = PBXGroup;
			children = (
				03047E6017F484BF00ECDFFA /* MapTile.cpp */,
				03047E6117F484BF00ECDFFA /* MapTile.h */,
				03047EEC17F4E64800ECDFFA /* MapTileGrass.cpp */,
				03047EED17F4E64800ECDFFA /* MapTileGrass.h */,
				03047EEF17F4E7A800ECDFFA /* MapTileWater.cpp */,
				03047EF017F4E7A800ECDFFA /* MapTileWater.h */,
				03047EF217F4E88200ECDFFA /* MapTileWoods.cpp */,
				03047EF317F4E88200ECDFFA /* MapTileWoods.h */,
			);
			name = "Map Tiles";
			sourceTree = "<group>";
		};
/* End PBXGroup section */

/* Begin PBXNativeTarget section */
		03047E1E17F4686400ECDFFA /* Clash */ = {
			isa = PBXNativeTarget;
			buildConfigurationList = 03047E3417F4686400ECDFFA /* Build configuration list for PBXNativeTarget "Clash" */;
			buildPhases = (
				03047E1A17F4686400ECDFFA /* Sources */,
				03047E1B17F4686400ECDFFA /* Frameworks */,
				03047E1C17F4686400ECDFFA /* Resources */,
				03047E1D17F4686400ECDFFA /* ShellScript */,
			);
			buildRules = (
			);
			dependencies = (
			);
			name = Clash;
			productName = Clash;
			productReference = 03047E1F17F4686400ECDFFA /* Clash.app */;
			productType = "com.apple.product-type.application";
		};
/* End PBXNativeTarget section */

/* Begin PBXProject section */
		03047E1617F4686400ECDFFA /* Project object */ = {
			isa = PBXProject;
			attributes = {
				LastUpgradeCheck = 0500;
				ORGANIZATIONNAME = "Nico Hämäläinen";
			};
			buildConfigurationList = 03047E1917F4686400ECDFFA /* Build configuration list for PBXProject "Clash" */;
			compatibilityVersion = "Xcode 3.2";
			developmentRegion = English;
			hasScannedForEncodings = 0;
			knownRegions = (
				en,
			);
			mainGroup = 03047E1517F4686400ECDFFA;
			productRefGroup = 03047E2017F4686400ECDFFA /* Products */;
			projectDirPath = "";
			projectRoot = "";
			targets = (
				03047E1E17F4686400ECDFFA /* Clash */,
			);
		};
/* End PBXProject section */

/* Begin PBXResourcesBuildPhase section */
		03047E1C17F4686400ECDFFA /* Resources */ = {
			isa = PBXResourcesBuildPhase;
			buildActionMask = 2147483647;
			files = (
				03047EDA17F4992600ECDFFA /* images in Resources */,
				03047EDC17F4992B00ECDFFA /* fonts in Resources */,
				03047EDE17F4995700ECDFFA /* cfg in Resources */,
				03047E3117F4686400ECDFFA /* icon.png in Resources */,
				03047ED617F4991700ECDFFA /* scripts in Resources */,
				03047E2F17F4686400ECDFFA /* sansation.ttf in Resources */,
				03047E2D17F4686400ECDFFA /* nice_music.ogg in Resources */,
				03047EBA17F4978800ECDFFA /* lua in Resources */,
				03047ED817F4991F00ECDFFA /* maps in Resources */,
				03047E2B17F4686400ECDFFA /* cute_image.jpg in Resources */,
				03047EA317F4961E00ECDFFA /* GitSHA1.cpp.in in Resources */,
			);
			runOnlyForDeploymentPostprocessing = 0;
		};
/* End PBXResourcesBuildPhase section */

/* Begin PBXShellScriptBuildPhase section */
		03047E1D17F4686400ECDFFA /* ShellScript */ = {
			isa = PBXShellScriptBuildPhase;
			buildActionMask = 2147483647;
			files = (
			);
			inputPaths = (
			);
			outputPaths = (
			);
			runOnlyForDeploymentPostprocessing = 0;
			shellPath = /bin/sh;
			shellScript = "# This shell script simply copies required sfml dylibs/frameworks into the application bundle frameworks folder.\n# If you're using static libraries (which is not recommended) you should remove this script from your project.\n\n# Are we building a project that uses framework or dylibs ?\ncase \"$SFML_BINARY_TYPE\" in\n    DYLIBS)\n        frameworks=\"false\"\n        ;;\n    *)\n        frameworks=\"true\"\n        ;;\nesac\n\n# Echoes to stderr\nerror () # $* message to display\n{\n    echo $* 1>&2\n    exit 2\n}\n\nassert () # $1 is a boolean, $2...N is an error message\n{\n    if [ $# -lt 2 ]\n    then\n        error \"Internal error in assert : not enough args\"\n    fi\n\n    if [ $1 -ne 0 ]\n    then\n        shift\n        error \"$*\"\n    fi\n}\n\nforce_remove () # $1 is a path\n{\n    test $# -eq 1\n    assert $? \"force_remove() requires one parameter\"\n    rm -fr \"$1\"\n    assert $? \"couldn't remove $1\"\n}\n\ncopy () # $1 is a source, $2 is a destination\n{\n    test $# -eq 2\n    assert $? \"copy() requires two parameters\"\n    ditto \"$1\" \"$2\"\n    assert $? \"couldn't copy $1 to $2\"\n}\n\nrequire () # $1 is a SFML module like 'system' or 'audio'\n{\n    dest=\"$BUILT_PRODUCTS_DIR/$PRODUCT_NAME.app/Contents/Frameworks\"\n    \n    if [ -z \"$1\" ]\n    then\n        error \"require() requires one parameter!\"\n    else\n        # clean potentially old stuff\n        force_remove \"$dest/libsfml-$1.2.dylib\"\n        force_remove \"$dest/libsfml-$1-d.2.dylib\"\n        force_remove \"$dest/sfml-$1.framework\"\n    \n        # copy SFML libraries\n        if [ \"$frameworks\" = \"true\" ]\n        then\n            copy \"/Library/Frameworks/sfml-$1.framework\" \"$dest/sfml-$1.framework\"\n        elif [ $CONFIGURATION = \"Debug\" ] && [ $SFML_LINK_DYLIBS_SUFFIX_DEBUG != \"\" ]\n        then\n            copy \"/usr/local/lib/libsfml-$1-d.2.dylib\" \"$dest/libsfml-$1-d.2.dylib\"\n        else\n            copy \"/usr/local/lib/libsfml-$1.2.dylib\" \"$dest/libsfml-$1.2.dylib\"\n        fi\n        \n        if [ \"$1\" = \"audio\" ]\n        then\n            # copy sndfile framework too\n            copy \"/Library/Frameworks/sndfile.framework\" \"$dest/sndfile.framework\"\n        fi\n\n        if [ \"$1\" = \"graphics\" ]\n        then\n            # copy freetype framework too\n            copy \"/Library/Frameworks/freetype.framework\" \"$dest/freetype.framework\"\n        fi\n    fi\n}\n\nif [ -n \"$SFML_SYSTEM\" ]\nthen\n    require \"system\"\nfi\n\nif [ -n \"$SFML_AUDIO\" ]\nthen\n    require \"audio\"\nfi\n\nif [ -n \"$SFML_NETWORK\" ]\nthen\n    require \"network\"\nfi\n\nif [ -n \"$SFML_WINDOW\" ]\nthen\n    require \"window\"\nfi\n\nif [ -n \"$SFML_GRAPHICS\" ]\nthen\n    require \"graphics\"\nfi\n\n                ";
		};
/* End PBXShellScriptBuildPhase section */

/* Begin PBXSourcesBuildPhase section */
		03047E1A17F4686400ECDFFA /* Sources */ = {
			isa = PBXSourcesBuildPhase;
			buildActionMask = 2147483647;
			files = (
				03047EBC17F4984500ECDFFA /* main.cpp in Sources */,
				03047EBB17F4979F00ECDFFA /* lua in Sources */,
				03047E8317F4870D00ECDFFA /* Particle.cpp in Sources */,
				03047E6817F4855E00ECDFFA /* GameState.cpp in Sources */,
				03047E2517F4686400ECDFFA /* ResourcePath.mm in Sources */,
				03047E9C17F4960400ECDFFA /* AStarPath.cpp in Sources */,
				03047E8F17F4886A00ECDFFA /* GLTesselation.cpp in Sources */,
				03047EB217F496EA00ECDFFA /* Game.cpp in Sources */,
				03047ED217F498D000ECDFFA /* SDLMain.m in Sources */,
				03047EEE17F4E64800ECDFFA /* MapTileGrass.cpp in Sources */,
				03047E9D17F4960400ECDFFA /* Texture.cpp in Sources */,
				03047E8E17F4886A00ECDFFA /* GLRenderer.cpp in Sources */,
				03047E9517F4954000ECDFFA /* FogOfWar.cpp in Sources */,
				03047E7A17F486A600ECDFFA /* Node.cpp in Sources */,
				03047E6E17F485FB00ECDFFA /* Building.cpp in Sources */,
				03047EA217F4961E00ECDFFA /* GitSHA1.cpp in Sources */,
				03047E7717F4868400ECDFFA /* Map.cpp in Sources */,
				03047E9217F4953300ECDFFA /* clipper.cpp in Sources */,
				03047E9E17F4960400ECDFFA /* Tooltip.cpp in Sources */,
				03047EB517F496F800ECDFFA /* Scripting.cpp in Sources */,
				03047E8017F486E500ECDFFA /* Ressources.cpp in Sources */,
				03047EF417F4E88200ECDFFA /* MapTileWoods.cpp in Sources */,
				03047E6217F484BF00ECDFFA /* MapTile.cpp in Sources */,
				03047E7D17F486C300ECDFFA /* Player.cpp in Sources */,
				03047EF117F4E7A800ECDFFA /* MapTileWater.cpp in Sources */,
				03047E7117F4862C00ECDFFA /* Timer.cpp in Sources */,
				03047E6517F4851800ECDFFA /* GameData.cpp in Sources */,
				03047E8617F4873100ECDFFA /* SDL_Functions.cpp in Sources */,
				03047E6B17F485D900ECDFFA /* GameObject.cpp in Sources */,
				03047E7417F4865B00ECDFFA /* Unit.cpp in Sources */,
			);
			runOnlyForDeploymentPostprocessing = 0;
		};
/* End PBXSourcesBuildPhase section */

/* Begin XCBuildConfiguration section */
		03047E3217F4686400ECDFFA /* Debug */ = {
			isa = XCBuildConfiguration;
			buildSettings = {
				ARCHS = "$(ARCHS_STANDARD_32_64_BIT)";
				CLANG_CXX_LANGUAGE_STANDARD = "c++0x";
				CLANG_CXX_LIBRARY = "libc++";
				CLANG_WARN_EMPTY_BODY = YES;
				CLANG_WARN__DUPLICATE_METHOD_MATCH = YES;
				FRAMEWORK_SEARCH_PATHS = (
					/Library/Frameworks/,
					"$(inherited)",
				);
				GCC_OPTIMIZATION_LEVEL = 0;
				GCC_PREPROCESSOR_DEFINITIONS = (
					"DEBUG=1",
					"$(inherited)",
				);
				GCC_VERSION = com.apple.compilers.llvm.clang.1_0;
				GCC_WARN_ABOUT_RETURN_TYPE = YES;
				GCC_WARN_UNINITIALIZED_AUTOS = YES;
				GCC_WARN_UNUSED_VARIABLE = YES;
				HEADER_SEARCH_PATHS = (
					/usr/local/include/,
					"$(inherited)",
				);
				LIBRARY_SEARCH_PATHS = (
					/usr/local/lib/,
					"$(inherited)",
				);
				ONLY_ACTIVE_ARCH = NO;
				OTHER_LDFLAGS = (
					"$(inherited)",
					"$(SFML_SYSTEM)",
					"$(SFML_WINDOW)",
					"$(SFML_GRAPHICS)",
					"$(SFML_AUDIO)",
					"$(SFML_NETWORK)",
				);
				SFML_AUDIO = "$(SFML_LINK_PREFIX)sfml-audio$(SFML_LINK_SUFFIX)";
				SFML_BINARY_TYPE = FRAMEWORKS;
				SFML_GRAPHICS = "$(SFML_LINK_PREFIX)sfml-graphics$(SFML_LINK_SUFFIX)";
				SFML_LINK_DYLIBS_PREFIX = "-l";
				SFML_LINK_DYLIBS_SUFFIX = "";
				SFML_LINK_FRAMEWORKS_PREFIX = "-framework ";
				SFML_LINK_FRAMEWORKS_SUFFIX = "";
				SFML_LINK_PREFIX = "$(SFML_LINK_$(SFML_BINARY_TYPE)_PREFIX)";
				SFML_LINK_SUFFIX = "$(SFML_LINK_$(SFML_BINARY_TYPE)_SUFFIX)";
				SFML_NETWORK = "$(SFML_LINK_PREFIX)sfml-network$(SFML_LINK_SUFFIX)";
				SFML_SYSTEM = "$(SFML_LINK_PREFIX)sfml-system$(SFML_LINK_SUFFIX)";
				SFML_WINDOW = "$(SFML_LINK_PREFIX)sfml-window$(SFML_LINK_SUFFIX)";
				SUPPORTED_PLATFORMS = macosx;
			};
			name = Debug;
		};
		03047E3317F4686400ECDFFA /* Release */ = {
			isa = XCBuildConfiguration;
			buildSettings = {
				ARCHS = "$(ARCHS_STANDARD_32_64_BIT)";
				CLANG_CXX_LANGUAGE_STANDARD = "c++0x";
				CLANG_CXX_LIBRARY = "libc++";
				CLANG_WARN_EMPTY_BODY = YES;
				CLANG_WARN__DUPLICATE_METHOD_MATCH = YES;
				COPY_PHASE_STRIP = YES;
				FRAMEWORK_SEARCH_PATHS = (
					/Library/Frameworks/,
					"$(inherited)",
				);
				GCC_VERSION = com.apple.compilers.llvm.clang.1_0;
				GCC_WARN_ABOUT_RETURN_TYPE = YES;
				GCC_WARN_UNINITIALIZED_AUTOS = YES;
				GCC_WARN_UNUSED_VARIABLE = YES;
				HEADER_SEARCH_PATHS = (
					/usr/local/include/,
					"$(inherited)",
				);
				LIBRARY_SEARCH_PATHS = (
					/usr/local/lib/,
					"$(inherited)",
				);
				ONLY_ACTIVE_ARCH = NO;
				OTHER_LDFLAGS = (
					"$(inherited)",
					"$(SFML_SYSTEM)",
					"$(SFML_WINDOW)",
					"$(SFML_GRAPHICS)",
					"$(SFML_AUDIO)",
					"$(SFML_NETWORK)",
				);
				SFML_AUDIO = "$(SFML_LINK_PREFIX)sfml-audio$(SFML_LINK_SUFFIX)";
				SFML_BINARY_TYPE = FRAMEWORKS;
				SFML_GRAPHICS = "$(SFML_LINK_PREFIX)sfml-graphics$(SFML_LINK_SUFFIX)";
				SFML_LINK_DYLIBS_PREFIX = "-l";
				SFML_LINK_DYLIBS_SUFFIX = "";
				SFML_LINK_FRAMEWORKS_PREFIX = "-framework ";
				SFML_LINK_FRAMEWORKS_SUFFIX = "";
				SFML_LINK_PREFIX = "$(SFML_LINK_$(SFML_BINARY_TYPE)_PREFIX)";
				SFML_LINK_SUFFIX = "$(SFML_LINK_$(SFML_BINARY_TYPE)_SUFFIX)";
				SFML_NETWORK = "$(SFML_LINK_PREFIX)sfml-network$(SFML_LINK_SUFFIX)";
				SFML_SYSTEM = "$(SFML_LINK_PREFIX)sfml-system$(SFML_LINK_SUFFIX)";
				SFML_WINDOW = "$(SFML_LINK_PREFIX)sfml-window$(SFML_LINK_SUFFIX)";
				SUPPORTED_PLATFORMS = macosx;
			};
			name = Release;
		};
		03047E3517F4686400ECDFFA /* Debug */ = {
			isa = XCBuildConfiguration;
			buildSettings = {
				ARCHS = "$(ARCHS_STANDARD)";
				CLANG_CXX_LANGUAGE_STANDARD = "c++0x";
				CLANG_CXX_LIBRARY = "libc++";
				FRAMEWORK_SEARCH_PATHS = (
					"$(inherited)",
					/usr/local/Frameworks,
					"$(LOCAL_LIBRARY_DIR)/Frameworks",
				);
				GCC_VERSION = "";
				HEADER_SEARCH_PATHS = (
					"$(inherited)",
					/usr/local/Cellar/boost/1.54.0/include,
				);
				INFOPLIST_FILE = "Clash/Clash-Info.plist";
				LIBRARY_SEARCH_PATHS = (
					"$(inherited)",
					/usr/local/Cellar/boost/1.54.0/lib,
					/usr/local/Cellar/lua/5.1.5/lib,
				);
				MACOSX_DEPLOYMENT_TARGET = 10.8;
				OTHER_LDFLAGS = (
					"-framework",
					OpenGL,
					"-llua",
					"-framework",
					SDL,
					"-framework",
					SDL_ttf,
					"-framework",
					SDL_image,
					"-lboost_program_options-mt",
				);
				PRODUCT_NAME = "$(TARGET_NAME)";
				SCAN_ALL_SOURCE_FILES_FOR_INCLUDES = YES;
				SDKROOT = macosx;
				SFML_AUDIO = "";
				SFML_BINARY_TYPE = "";
				SFML_GRAPHICS = "";
				SFML_LINK_DYLIBS_PREFIX = "";
				SFML_LINK_FRAMEWORKS_PREFIX = "";
				SFML_NETWORK = "";
				SFML_SYSTEM = "";
				SFML_WINDOW = "";
				USER_HEADER_SEARCH_PATHS = /usr/local/Cellar/boost/1.54.0/include;
			};
			name = Debug;
		};
		03047E3617F4686400ECDFFA /* Release */ = {
			isa = XCBuildConfiguration;
			buildSettings = {
				ARCHS = "$(ARCHS_STANDARD)";
				CLANG_CXX_LANGUAGE_STANDARD = "c++0x";
				CLANG_CXX_LIBRARY = "libc++";
				FRAMEWORK_SEARCH_PATHS = (
					"$(inherited)",
					/usr/local/Frameworks,
					"$(LOCAL_LIBRARY_DIR)/Frameworks",
				);
				GCC_VERSION = "";
				HEADER_SEARCH_PATHS = (
					"$(inherited)",
					/usr/local/Cellar/boost/1.54.0/include,
				);
				INFOPLIST_FILE = "Clash/Clash-Info.plist";
				LIBRARY_SEARCH_PATHS = (
					"$(inherited)",
					/usr/local/Cellar/boost/1.54.0/lib,
					/usr/local/Cellar/lua/5.1.5/lib,
				);
				MACOSX_DEPLOYMENT_TARGET = 10.8;
				OTHER_LDFLAGS = (
					"-framework",
					OpenGL,
					"-llua",
					"-framework",
					SDL,
					"-framework",
					SDL_ttf,
					"-framework",
					SDL_image,
					"-lboost_program_options-mt",
				);
				PRODUCT_NAME = "$(TARGET_NAME)";
				SCAN_ALL_SOURCE_FILES_FOR_INCLUDES = YES;
				SDKROOT = macosx;
				SFML_AUDIO = "";
				SFML_BINARY_TYPE = "";
				SFML_GRAPHICS = "";
				SFML_LINK_DYLIBS_PREFIX = "";
				SFML_LINK_FRAMEWORKS_PREFIX = "";
				SFML_NETWORK = "";
				SFML_SYSTEM = "";
				SFML_WINDOW = "";
				USER_HEADER_SEARCH_PATHS = /usr/local/Cellar/boost/1.54.0/include;
			};
			name = Release;
		};
/* End XCBuildConfiguration section */

/* Begin XCConfigurationList section */
		03047E1917F4686400ECDFFA /* Build configuration list for PBXProject "Clash" */ = {
			isa = XCConfigurationList;
			buildConfigurations = (
				03047E3217F4686400ECDFFA /* Debug */,
				03047E3317F4686400ECDFFA /* Release */,
			);
			defaultConfigurationIsVisible = 0;
			defaultConfigurationName = Release;
		};
		03047E3417F4686400ECDFFA /* Build configuration list for PBXNativeTarget "Clash" */ = {
			isa = XCConfigurationList;
			buildConfigurations = (
				03047E3517F4686400ECDFFA /* Debug */,
				03047E3617F4686400ECDFFA /* Release */,
			);
			defaultConfigurationIsVisible = 0;
			defaultConfigurationName = Release;
		};
/* End XCConfigurationList section */
	};
	rootObject = 03047E1617F4686400ECDFFA /* Project object */;
}
